
Microsoft Visual Studio Solution File, Format Version 12.00
# Visual Studio 15
VisualStudioVersion = 15.0.27004.2006
MinimumVisualStudioVersion = 10.0.40219.1
Project("{FAE04EC0-301F-11D3-BF4B-00C04F79EFBC}") = "SavingsAccount", "SavingsAccount\SavingsAccount.csproj", "{6975C65E-AF03-4F28-8625-8B6BE391206F}"
EndProject
Global
	GlobalSection(SolutionConfigurationPlatforms) = preSolution
		Debug|Any CPU = Debug|Any CPU
		Release|Any CPU = Release|Any CPU
	EndGlobalSection
	GlobalSection(ProjectConfigurationPlatforms) = postSolution
		{6975C65E-AF03-4F28-8625-8B6BE391206F}.Debug|Any CPU.ActiveCfg = Debug|Any CPU
		{6975C65E-AF03-4F28-8625-8B6BE391206F}.Debug|Any CPU.Build.0 = Debug|Any CPU
		{6975C65E-AF03-4F28-8625-8B6BE391206F}.Release|Any CPU.ActiveCfg = Release|Any CPU
		{6975C65E-AF03-4F28-8625-8B6BE391206F}.Release|Any CPU.Build.0 = Release|Any CPU
	EndGlobalSection
	GlobalSection(SolutionProperties) = preSolution
		HideSolutionNode = FALSE
	EndGlobalSection
	GlobalSection(ExtensibilityGlobals) = postSolution
		SolutionGuid = {B5581785-588F-4685-AF1E-4E9F5C1E91DD}
	EndGlobalSection
EndGlobal
